
Microsoft Visual Studio Solution File, Format Version 12.00
# Visual Studio 15
VisualStudioVersion = 15.0.28218.60
MinimumVisualStudioVersion = 10.0.40219.1
Project("{2150E333-8FDC-42A3-9474-1A3956D46DE8}") = ".paket", ".paket", "{26AEADC8-7D4F-48FC-948D-32FAA039621F}"
	ProjectSection(SolutionItems) = preProject
		paket.dependencies = paket.dependencies
	EndProjectSection
EndProject
Project("{9A19103F-16F7-4668-BE54-9A1E7A4F7556}") = "_build", "build\_build.csproj", "{BB839C86-1E9A-4C7E-9F1A-0D56082BC5B6}"
EndProject
Project("{6EC3EE1D-3C4E-46DD-8F32-0CC8E7565705}") = "PaketExample", "src\PaketExample\PaketExample.fsproj", "{F185BEDE-0D3A-473F-A521-2F3F792F276C}"
EndProject
Global
	GlobalSection(SolutionConfigurationPlatforms) = preSolution
		Debug|Any CPU = Debug|Any CPU
		Release|Any CPU = Release|Any CPU
	EndGlobalSection
	GlobalSection(ProjectConfigurationPlatforms) = postSolution
		{BB839C86-1E9A-4C7E-9F1A-0D56082BC5B6}.Debug|Any CPU.ActiveCfg = Debug|Any CPU
		{BB839C86-1E9A-4C7E-9F1A-0D56082BC5B6}.Debug|Any CPU.Build.0 = Debug|Any CPU
		{BB839C86-1E9A-4C7E-9F1A-0D56082BC5B6}.Release|Any CPU.ActiveCfg = Release|Any CPU
		{BB839C86-1E9A-4C7E-9F1A-0D56082BC5B6}.Release|Any CPU.Build.0 = Release|Any CPU
		{F185BEDE-0D3A-473F-A521-2F3F792F276C}.Debug|Any CPU.ActiveCfg = Debug|Any CPU
		{F185BEDE-0D3A-473F-A521-2F3F792F276C}.Debug|Any CPU.Build.0 = Debug|Any CPU
		{F185BEDE-0D3A-473F-A521-2F3F792F276C}.Release|Any CPU.ActiveCfg = Release|Any CPU
		{F185BEDE-0D3A-473F-A521-2F3F792F276C}.Release|Any CPU.Build.0 = Release|Any CPU
	EndGlobalSection
	GlobalSection(SolutionProperties) = preSolution
		HideSolutionNode = FALSE
	EndGlobalSection
	GlobalSection(ExtensibilityGlobals) = postSolution
		SolutionGuid = {D0C8CD24-953D-4FE9-8BDD-31FBE0D2E810}
	EndGlobalSection
EndGlobal
